
Microsoft Visual Studio Solution File, Format Version 12.00
# Visual Studio 15
VisualStudioVersion = 15.0.28307.960
MinimumVisualStudioVersion = 10.0.40219.1
Project("{888888A0-9F3D-457C-B088-3A5042F75D52}") = "Ejercicio2_PY", "Ejercicio2_PY\Ejercicio2_PY.pyproj", "{AD0201BC-C05D-4E87-9B6A-898953802260}"
EndProject
Global
	GlobalSection(SolutionConfigurationPlatforms) = preSolution
		Debug|Any CPU = Debug|Any CPU
		Release|Any CPU = Release|Any CPU
	EndGlobalSection
	GlobalSection(ProjectConfigurationPlatforms) = postSolution
		{AD0201BC-C05D-4E87-9B6A-898953802260}.Debug|Any CPU.ActiveCfg = Debug|Any CPU
		{AD0201BC-C05D-4E87-9B6A-898953802260}.Release|Any CPU.ActiveCfg = Release|Any CPU
	EndGlobalSection
	GlobalSection(SolutionProperties) = preSolution
		HideSolutionNode = FALSE
	EndGlobalSection
	GlobalSection(ExtensibilityGlobals) = postSolution
		SolutionGuid = {ED0DC7C7-40C9-4A1B-8F75-6676A94B4D4C}
	EndGlobalSection
EndGlobal
